
Microsoft Visual Studio Solution File, Format Version 12.00
# Visual Studio 15
VisualStudioVersion = 15.0.28307.271
MinimumVisualStudioVersion = 10.0.40219.1
Project("{9A19103F-16F7-4668-BE54-9A1E7A4F7556}") = "RedCorners", "RedCorners\RedCorners.csproj", "{5F7A1993-B104-475C-9B16-26037EF833F3}"
EndProject
Project("{FAE04EC0-301F-11D3-BF4B-00C04F79EFBC}") = "RedCorners.WPF", "RedCorners.WPF\RedCorners.WPF.csproj", "{64C5CCE9-631D-458A-A355-F7CB44941318}"
EndProject
Global
	GlobalSection(SolutionConfigurationPlatforms) = preSolution
		Debug|Any CPU = Debug|Any CPU
		Release|Any CPU = Release|Any CPU
	EndGlobalSection
	GlobalSection(ProjectConfigurationPlatforms) = postSolution
		{5F7A1993-B104-475C-9B16-26037EF833F3}.Debug|Any CPU.ActiveCfg = Debug|Any CPU
		{5F7A1993-B104-475C-9B16-26037EF833F3}.Debug|Any CPU.Build.0 = Debug|Any CPU
		{5F7A1993-B104-475C-9B16-26037EF833F3}.Release|Any CPU.ActiveCfg = Release|Any CPU
		{5F7A1993-B104-475C-9B16-26037EF833F3}.Release|Any CPU.Build.0 = Release|Any CPU
		{64C5CCE9-631D-458A-A355-F7CB44941318}.Debug|Any CPU.ActiveCfg = Debug|Any CPU
		{64C5CCE9-631D-458A-A355-F7CB44941318}.Debug|Any CPU.Build.0 = Debug|Any CPU
		{64C5CCE9-631D-458A-A355-F7CB44941318}.Release|Any CPU.ActiveCfg = Release|Any CPU
		{64C5CCE9-631D-458A-A355-F7CB44941318}.Release|Any CPU.Build.0 = Release|Any CPU
	EndGlobalSection
	GlobalSection(SolutionProperties) = preSolution
		HideSolutionNode = FALSE
	EndGlobalSection
	GlobalSection(ExtensibilityGlobals) = postSolution
		SolutionGuid = {E2A577DF-9B84-4094-889F-E23BEAE56A83}
	EndGlobalSection
EndGlobal
